
Microsoft Visual Studio Solution File, Format Version 12.00
Project("{FAE04EC0-301F-11D3-BF4B-00C04F79EFBC}") = "WaitingForTask", "WaitingForTask\WaitingForTask.csproj", "{313C1B8B-E24D-45BA-B852-A87E61F255CD}"
EndProject
Global
	GlobalSection(SolutionConfigurationPlatforms) = preSolution
		Debug|Any CPU = Debug|Any CPU
		Release|Any CPU = Release|Any CPU
	EndGlobalSection
	GlobalSection(ProjectConfigurationPlatforms) = postSolution
		{313C1B8B-E24D-45BA-B852-A87E61F255CD}.Debug|Any CPU.ActiveCfg = Debug|Any CPU
		{313C1B8B-E24D-45BA-B852-A87E61F255CD}.Debug|Any CPU.Build.0 = Debug|Any CPU
		{313C1B8B-E24D-45BA-B852-A87E61F255CD}.Release|Any CPU.ActiveCfg = Release|Any CPU
		{313C1B8B-E24D-45BA-B852-A87E61F255CD}.Release|Any CPU.Build.0 = Release|Any CPU
	EndGlobalSection
EndGlobal
